Microsoft Visual Studio Solution File, Format Version 11.00
# Visual Studio 2008

Project("{04C7120F-34DF-7DB9-1074-C3B238568E78}") = "Week1_LegendOfZeldaMC", "Assembly-CSharp.csproj", "{A43A704E-4FF2-AB03-4CB6-4C225AE89783}"
EndProject
Global
	GlobalSection(SolutionConfigurationPlatforms) = preSolution
		Debug|Any CPU = Debug|Any CPU
		Release|Any CPU = Release|Any CPU
	EndGlobalSection
	GlobalSection(ProjectConfigurationPlatforms) = postSolution
		{A43A704E-4FF2-AB03-4CB6-4C225AE89783}.Debug|Any CPU.ActiveCfg = Debug|Any CPU
		{A43A704E-4FF2-AB03-4CB6-4C225AE89783}.Debug|Any CPU.Build.0 = Debug|Any CPU
		{A43A704E-4FF2-AB03-4CB6-4C225AE89783}.Release|Any CPU.ActiveCfg = Release|Any CPU
		{A43A704E-4FF2-AB03-4CB6-4C225AE89783}.Release|Any CPU.Build.0 = Release|Any CPU
	EndGlobalSection
	GlobalSection(SolutionProperties) = preSolution
		HideSolutionNode = FALSE
	EndGlobalSection
																																																																													GlobalSection(MonoDevelopProperties) = preSolution
		StartupItem = Assembly-CSharp.csproj
		Policies = $0
		$0.TextStylePolicy = $1
		$1.inheritsSet = null
		$1.scope = text/x-csharp
		$0.CSharpFormattingPolicy = $2
		$2.inheritsSet = Mono
		$2.inheritsScope = text/x-csharp
		$2.scope = text/x-csharp
		$0.TextStylePolicy = $3
		$3.FileWidth = 120
		$3.TabWidth = 4
		$3.IndentWidth = 4
		$3.EolMarker = Unix
		$3.inheritsSet = Mono
		$3.inheritsScope = text/plain
		$3.scope = text/plain
	EndGlobalSection

EndGlobal
